[[package]]
name = "click"
version = "8.0.0"
description = "Composable command line interface toolkit"
category = "main"
optional = false
python-versions = ">=3.6"

[package.dependencies]
colorama = {version = "*", markers = "platform_system == \"Windows\""}

[[package]]
name = "colorama"
version = "0.4.4"
description = "Cross-platform colored terminal text."
category = "main"
optional = false
python-versions = ">=2.7, !=3.0.*, !=3.1.*, !=3.2.*, !=3.3.*, !=3.4.*"

[[package]]
name = "ghp-import"
version = "2.0.2"
description = "Copy your docs directly to the gh-pages branch."
category = "main"
optional = false
python-versions = "*"

[package.dependencies]
python-dateutil = ">=2.8.1"

[package.extras]
dev = ["twine", "markdown", "flake8", "wheel"]

[[package]]
name = "importlib-metadata"
version = "4.0.1"
description = "Read metadata from Python packages"
category = "main"
optional = false
python-versions = ">=3.6"

[package.dependencies]
typing-extensions = {version = ">=3.6.4", markers = "python_version < \"3.8\""}
zipp = ">=0.5"

[package.extras]
docs = ["sphinx", "jaraco.packaging (>=8.2)", "rst.linker (>=1.9)"]
testing = ["pytest (>=4.6)", "pytest-checkdocs (>=2.4)", "pytest-flake8", "pytest-cov", "pytest-enabler (>=1.0.1)", "packaging", "pep517", "pyfakefs", "flufl.flake8", "pytest-black (>=0.3.7)", "pytest-mypy", "importlib-resources (>=1.3)"]

[[package]]
name = "jinja2"
version = "3.0.0"
description = "A very fast and expressive template engine."
category = "main"
optional = false
python-versions = ">=3.6"

[package.dependencies]
MarkupSafe = ">=2.0.0rc2"

[package.extras]
i18n = ["Babel (>=2.7)"]

[[package]]
name = "markdown"
version = "3.3.4"
description = "Python implementation of Markdown."
category = "main"
optional = false
python-versions = ">=3.6"

[package.dependencies]
importlib-metadata = {version = "*", markers = "python_version < \"3.8\""}

[package.extras]
testing = ["coverage", "pyyaml"]

[[package]]
name = "markupsafe"
version = "2.0.0"
description = "Safely add untrusted strings to HTML/XML markup."
category = "main"
optional = false
python-versions = ">=3.6"

[[package]]
name = "mergedeep"
version = "1.3.4"
description = "A deep merge function for 🐍."
category = "main"
optional = false
python-versions = ">=3.6"

[[package]]
name = "mkdocs"
version = "1.2.3"
description = "Project documentation with Markdown."
category = "main"
optional = false
python-versions = ">=3.6"

[package.dependencies]
click = ">=3.3"
ghp-import = ">=1.0"
importlib-metadata = ">=3.10"
Jinja2 = ">=2.10.1"
Markdown = ">=3.2.1"
mergedeep = ">=1.3.4"
packaging = ">=20.5"
PyYAML = ">=3.10"
pyyaml-env-tag = ">=0.1"
watchdog = ">=2.0"

[package.extras]
i18n = ["babel (>=2.9.0)"]

[[package]]
name = "mkdocs-material"
version = "7.1.4"
description = "A Material Design theme for MkDocs"
category = "main"
optional = false
python-versions = "*"

[package.dependencies]
markdown = ">=3.2"
mkdocs = ">=1.1"
mkdocs-material-extensions = ">=1.0"
Pygments = ">=2.4"
pymdown-extensions = ">=7.0"

[[package]]
name = "mkdocs-material-extensions"
version = "1.0.1"
description = "Extension pack for Python Markdown."
category = "main"
optional = false
python-versions = ">=3.5"

[package.dependencies]
mkdocs-material = ">=5.0.0"

[[package]]
name = "packaging"
version = "21.3"
description = "Core utilities for Python packages"
category = "main"
optional = false
python-versions = ">=3.6"

[package.dependencies]
pyparsing = ">=2.0.2,<3.0.5 || >3.0.5"

[[package]]
name = "pygments"
version = "2.9.0"
description = "Pygments is a syntax highlighting package written in Python."
category = "main"
optional = false
python-versions = ">=3.5"

[[package]]
name = "pymdown-extensions"
version = "8.2"
description = "Extension pack for Python Markdown."
category = "main"
optional = false
python-versions = ">=3.6"

[package.dependencies]
Markdown = ">=3.2"

[[package]]
name = "pyparsing"
version = "3.0.6"
description = "Python parsing module"
category = "main"
optional = false
python-versions = ">=3.6"

[package.extras]
diagrams = ["jinja2", "railroad-diagrams"]

[[package]]
name = "python-dateutil"
version = "2.8.2"
description = "Extensions to the standard Python datetime module"
category = "main"
optional = false
python-versions = "!=3.0.*,!=3.1.*,!=3.2.*,>=2.7"

[package.dependencies]
six = ">=1.5"

[[package]]
name = "pyyaml"
version = "5.4.1"
description = "YAML parser and emitter for Python"
category = "main"
optional = false
python-versions = ">=2.7, !=3.0.*, !=3.1.*, !=3.2.*, !=3.3.*, !=3.4.*, !=3.5.*"

[[package]]
name = "pyyaml-env-tag"
version = "0.1"
description = "A custom YAML tag for referencing environment variables in YAML files. "
category = "main"
optional = false
python-versions = ">=3.6"

[package.dependencies]
pyyaml = "*"

[[package]]
name = "six"
version = "1.16.0"
description = "Python 2 and 3 compatibility utilities"
category = "main"
optional = false
python-versions = ">=2.7, !=3.0.*, !=3.1.*, !=3.2.*"

[[package]]
name = "typing-extensions"
version = "3.10.0.0"
description = "Backported and Experimental Type Hints for Python 3.5+"
category = "main"
optional = false
python-versions = "*"

[[package]]
name = "watchdog"
version = "2.1.6"
description = "Filesystem events monitoring"
category = "main"
optional = false
python-versions = ">=3.6"

[package.extras]
watchmedo = ["PyYAML (>=3.10)"]

[[package]]
name = "zipp"
version = "3.4.1"
description = "Backport of pathlib-compatible object wrapper for zip files"
category = "main"
optional = false
python-versions = ">=3.6"

[package.extras]
docs = ["sphinx", "jaraco.packaging (>=8.2)", "rst.linker (>=1.9)"]
testing = ["pytest (>=4.6)", "pytest-checkdocs (>=1.2.3)", "pytest-flake8", "pytest-cov", "pytest-enabler", "jaraco.itertools", "func-timeout", "pytest-black (>=0.3.7)", "pytest-mypy"]

[metadata]
lock-version = "1.1"
python-versions = "^3.6"
content-hash = "dad4cf022231ecc8da46dc4a69d2885f13990293e8c8605b1d7b92bd5addf16e"

[metadata.files]
click = [
    {file = "click-8.0.0-py3-none-any.whl", hash = "sha256:e90e62ced43dc8105fb9a26d62f0d9340b5c8db053a814e25d95c19873ae87db"},
    {file = "click-8.0.0.tar.gz", hash = "sha256:7d8c289ee437bcb0316820ccee14aefcb056e58d31830ecab8e47eda6540e136"},
]
colorama = [
    {file = "colorama-0.4.4-py2.py3-none-any.whl", hash = "sha256:9f47eda37229f68eee03b24b9748937c7dc3868f906e8ba69fbcbdd3bc5dc3e2"},
    {file = "colorama-0.4.4.tar.gz", hash = "sha256:5941b2b48a20143d2267e95b1c2a7603ce057ee39fd88e7329b0c292aa16869b"},
]
ghp-import = [
    {file = "ghp-import-2.0.2.tar.gz", hash = "sha256:947b3771f11be850c852c64b561c600fdddf794bab363060854c1ee7ad05e071"},
    {file = "ghp_import-2.0.2-py3-none-any.whl", hash = "sha256:5f8962b30b20652cdffa9c5a9812f7de6bcb56ec475acac579807719bf242c46"},
]
importlib-metadata = [
    {file = "importlib_metadata-4.0.1-py3-none-any.whl", hash = "sha256:d7eb1dea6d6a6086f8be21784cc9e3bcfa55872b52309bc5fad53a8ea444465d"},
    {file = "importlib_metadata-4.0.1.tar.gz", hash = "sha256:8c501196e49fb9df5df43833bdb1e4328f64847763ec8a50703148b73784d581"},
]
jinja2 = [
    {file = "Jinja2-3.0.0-py3-none-any.whl", hash = "sha256:2f2de5285cf37f33d33ecd4a9080b75c87cd0c1994d5a9c6df17131ea1f049c6"},
    {file = "Jinja2-3.0.0.tar.gz", hash = "sha256:ea8d7dd814ce9df6de6a761ec7f1cac98afe305b8cdc4aaae4e114b8d8ce24c5"},
]
markdown = [
    {file = "Markdown-3.3.4-py3-none-any.whl", hash = "sha256:96c3ba1261de2f7547b46a00ea8463832c921d3f9d6aba3f255a6f71386db20c"},
    {file = "Markdown-3.3.4.tar.gz", hash = "sha256:31b5b491868dcc87d6c24b7e3d19a0d730d59d3e46f4eea6430a321bed387a49"},
]
markupsafe = [
    {file = "MarkupSafe-2.0.0-cp36-cp36m-macosx_10_9_x86_64.whl", hash = "sha256:2efaeb1baff547063bad2b2893a8f5e9c459c4624e1a96644bbba08910ae34e0"},
    {file = "MarkupSafe-2.0.0-cp36-cp36m-manylinux1_i686.whl", hash = "sha256:441ce2a8c17683d97e06447fcbccbdb057cbf587c78eb75ae43ea7858042fe2c"},
    {file = "MarkupSafe-2.0.0-cp36-cp36m-manylinux1_x86_64.whl", hash = "sha256:45535241baa0fc0ba2a43961a1ac7562ca3257f46c4c3e9c0de38b722be41bd1"},
    {file = "MarkupSafe-2.0.0-cp36-cp36m-manylinux2010_i686.whl", hash = "sha256:90053234a6479738fd40d155268af631c7fca33365f964f2208867da1349294b"},
    {file = "MarkupSafe-2.0.0-cp36-cp36m-manylinux2010_x86_64.whl", hash = "sha256:3b54a9c68995ef4164567e2cd1a5e16db5dac30b2a50c39c82db8d4afaf14f63"},
    {file = "MarkupSafe-2.0.0-cp36-cp36m-manylinux2014_aarch64.whl", hash = "sha256:f58b5ba13a5689ca8317b98439fccfbcc673acaaf8241c1869ceea40f5d585bf"},
    {file = "MarkupSafe-2.0.0-cp36-cp36m-win32.whl", hash = "sha256:a00dce2d96587651ef4fa192c17e039e8cfab63087c67e7d263a5533c7dad715"},
    {file = "MarkupSafe-2.0.0-cp36-cp36m-win_amd64.whl", hash = "sha256:007dc055dbce5b1104876acee177dbfd18757e19d562cd440182e1f492e96b95"},
    {file = "MarkupSafe-2.0.0-cp37-cp37m-macosx_10_9_x86_64.whl", hash = "sha256:a08cd07d3c3c17cd33d9e66ea9dee8f8fc1c48e2d11bd88fd2dc515a602c709b"},
    {file = "MarkupSafe-2.0.0-cp37-cp37m-manylinux1_i686.whl", hash = "sha256:3c352ff634e289061711608f5e474ec38dbaa21e3e168820d53d5f4015e5b91b"},
    {file = "MarkupSafe-2.0.0-cp37-cp37m-manylinux1_x86_64.whl", hash = "sha256:32200f562daaab472921a11cbb63780f1654552ae49518196fc361ed8e12e901"},
    {file = "MarkupSafe-2.0.0-cp37-cp37m-manylinux2010_i686.whl", hash = "sha256:fef86115fdad7ae774720d7103aa776144cf9b66673b4afa9bcaa7af990ed07b"},
    {file = "MarkupSafe-2.0.0-cp37-cp37m-manylinux2010_x86_64.whl", hash = "sha256:e79212d09fc0e224d20b43ad44bb0a0a3416d1e04cf6b45fed265114a5d43d20"},
    {file = "MarkupSafe-2.0.0-cp37-cp37m-manylinux2014_aarch64.whl", hash = "sha256:79b2ae94fa991be023832e6bcc00f41dbc8e5fe9d997a02db965831402551730"},
    {file = "MarkupSafe-2.0.0-cp37-cp37m-win32.whl", hash = "sha256:3261fae28155e5c8634dd7710635fe540a05b58f160cef7713c7700cb9980e66"},
    {file = "MarkupSafe-2.0.0-cp37-cp37m-win_amd64.whl", hash = "sha256:e4570d16f88c7f3032ed909dc9e905a17da14a1c4cfd92608e3fda4cb1208bbd"},
    {file = "MarkupSafe-2.0.0-cp38-cp38-macosx_10_9_x86_64.whl", hash = "sha256:8f806bfd0f218477d7c46a11d3e52dc7f5fdfaa981b18202b7dc84bbc287463b"},
    {file = "MarkupSafe-2.0.0-cp38-cp38-manylinux1_i686.whl", hash = "sha256:e77e4b983e2441aff0c0d07ee711110c106b625f440292dfe02a2f60c8218bd6"},
    {file = "MarkupSafe-2.0.0-cp38-cp38-manylinux1_x86_64.whl", hash = "sha256:031bf79a27d1c42f69c276d6221172417b47cb4b31cdc73d362a9bf5a1889b9f"},
    {file = "MarkupSafe-2.0.0-cp38-cp38-manylinux2010_i686.whl", hash = "sha256:83cf0228b2f694dcdba1374d5312f2277269d798e65f40344964f642935feac1"},
    {file = "MarkupSafe-2.0.0-cp38-cp38-manylinux2010_x86_64.whl", hash = "sha256:4cc563836f13c57f1473bc02d1e01fc37bab70ad4ee6be297d58c1d66bc819bf"},
    {file = "MarkupSafe-2.0.0-cp38-cp38-manylinux2014_aarch64.whl", hash = "sha256:d00a669e4a5bec3ee6dbeeeedd82a405ced19f8aeefb109a012ea88a45afff96"},
    {file = "MarkupSafe-2.0.0-cp38-cp38-win32.whl", hash = "sha256:161d575fa49395860b75da5135162481768b11208490d5a2143ae6785123e77d"},
    {file = "MarkupSafe-2.0.0-cp38-cp38-win_amd64.whl", hash = "sha256:58bc9fce3e1557d463ef5cee05391a05745fd95ed660f23c1742c711712c0abb"},
    {file = "MarkupSafe-2.0.0-cp39-cp39-macosx_10_9_universal2.whl", hash = "sha256:3fb47f97f1d338b943126e90b79cad50d4fcfa0b80637b5a9f468941dbbd9ce5"},
    {file = "MarkupSafe-2.0.0-cp39-cp39-macosx_10_9_x86_64.whl", hash = "sha256:dab0c685f21f4a6c95bfc2afd1e7eae0033b403dd3d8c1b6d13a652ada75b348"},
    {file = "MarkupSafe-2.0.0-cp39-cp39-manylinux1_i686.whl", hash = "sha256:664832fb88b8162268928df233f4b12a144a0c78b01d38b81bdcf0fc96668ecb"},
    {file = "MarkupSafe-2.0.0-cp39-cp39-manylinux1_x86_64.whl", hash = "sha256:df561f65049ed3556e5b52541669310e88713fdae2934845ec3606f283337958"},
    {file = "MarkupSafe-2.0.0-cp39-cp39-manylinux2010_i686.whl", hash = "sha256:24bbc3507fb6dfff663af7900a631f2aca90d5a445f272db5fc84999fa5718bc"},
    {file = "MarkupSafe-2.0.0-cp39-cp39-manylinux2010_x86_64.whl", hash = "sha256:87de598edfa2230ff274c4de7fcf24c73ffd96208c8e1912d5d0fee459767d75"},
    {file = "MarkupSafe-2.0.0-cp39-cp39-manylinux2014_aarch64.whl", hash = "sha256:a19d39b02a24d3082856a5b06490b714a9d4179321225bbf22809ff1e1887cc8"},
    {file = "MarkupSafe-2.0.0-cp39-cp39-win32.whl", hash = "sha256:4aca81a687975b35e3e80bcf9aa93fe10cd57fac37bf18b2314c186095f57e05"},
    {file = "MarkupSafe-2.0.0-cp39-cp39-win_amd64.whl", hash = "sha256:70820a1c96311e02449591cbdf5cd1c6a34d5194d5b55094ab725364375c9eb2"},
    {file = "MarkupSafe-2.0.0.tar.gz", hash = "sha256:4fae0677f712ee090721d8b17f412f1cbceefbf0dc180fe91bab3232f38b4527"},
]
mergedeep = [
    {file = "mergedeep-1.3.4-py3-none-any.whl", hash = "sha256:70775750742b25c0d8f36c55aed03d24c3384d17c951b3175d898bd778ef0307"},
    {file = "mergedeep-1.3.4.tar.gz", hash = "sha256:0096d52e9dad9939c3d975a774666af186eda617e6ca84df4c94dec30004f2a8"},
]
mkdocs = [
    {file = "mkdocs-1.2.3-py3-none-any.whl", hash = "sha256:a1fa8c2d0c1305d7fc2b9d9f607c71778572a8b110fb26642aa00296c9e6d072"},
    {file = "mkdocs-1.2.3.tar.gz", hash = "sha256:89f5a094764381cda656af4298727c9f53dc3e602983087e1fe96ea1df24f4c1"},
]
mkdocs-material = [
    {file = "mkdocs-material-7.1.4.tar.gz", hash = "sha256:f2fe6014bd69c1651a2dfe2651de7b0fdea1c33ba652243809c767a7c60daa16"},
    {file = "mkdocs_material-7.1.4-py2.py3-none-any.whl", hash = "sha256:1fb299005b787b62ef70631f7adf418e592c22a359e633fdd2ca5c24be6e451c"},
]
mkdocs-material-extensions = [
    {file = "mkdocs-material-extensions-1.0.1.tar.gz", hash = "sha256:6947fb7f5e4291e3c61405bad3539d81e0b3cd62ae0d66ced018128af509c68f"},
    {file = "mkdocs_material_extensions-1.0.1-py3-none-any.whl", hash = "sha256:d90c807a88348aa6d1805657ec5c0b2d8d609c110e62b9dce4daf7fa981fa338"},
]
packaging = [
    {file = "packaging-21.3-py3-none-any.whl", hash = "sha256:ef103e05f519cdc783ae24ea4e2e0f508a9c99b2d4969652eed6a2e1ea5bd522"},
    {file = "packaging-21.3.tar.gz", hash = "sha256:dd47c42927d89ab911e606518907cc2d3a1f38bbd026385970643f9c5b8ecfeb"},
]
pygments = [
    {file = "Pygments-2.9.0-py3-none-any.whl", hash = "sha256:d66e804411278594d764fc69ec36ec13d9ae9147193a1740cd34d272ca383b8e"},
    {file = "Pygments-2.9.0.tar.gz", hash = "sha256:a18f47b506a429f6f4b9df81bb02beab9ca21d0a5fee38ed15aef65f0545519f"},
]
pymdown-extensions = [
    {file = "pymdown-extensions-8.2.tar.gz", hash = "sha256:b6daa94aad9e1310f9c64c8b1f01e4ce82937ab7eb53bfc92876a97aca02a6f4"},
    {file = "pymdown_extensions-8.2-py3-none-any.whl", hash = "sha256:141452d8ed61165518f2c923454bf054866b85cf466feedb0eb68f04acdc2560"},
]
pyparsing = [
    {file = "pyparsing-3.0.6-py3-none-any.whl", hash = "sha256:04ff808a5b90911829c55c4e26f75fa5ca8a2f5f36aa3a51f68e27033341d3e4"},
    {file = "pyparsing-3.0.6.tar.gz", hash = "sha256:d9bdec0013ef1eb5a84ab39a3b3868911598afa494f5faa038647101504e2b81"},
]
python-dateutil = [
    {file = "python-dateutil-2.8.2.tar.gz", hash = "sha256:0123cacc1627ae19ddf3c27a5de5bd67ee4586fbdd6440d9748f8abb483d3e86"},
    {file = "python_dateutil-2.8.2-py2.py3-none-any.whl", hash = "sha256:961d03dc3453ebbc59dbdea9e4e11c5651520a876d0f4db161e8674aae935da9"},
]
pyyaml = [
    {file = "PyYAML-5.4.1-cp27-cp27m-macosx_10_9_x86_64.whl", hash = "sha256:3b2b1824fe7112845700f815ff6a489360226a5609b96ec2190a45e62a9fc922"},
    {file = "PyYAML-5.4.1-cp27-cp27m-win32.whl", hash = "sha256:129def1b7c1bf22faffd67b8f3724645203b79d8f4cc81f674654d9902cb4393"},
    {file = "PyYAML-5.4.1-cp27-cp27m-win_amd64.whl", hash = "sha256:4465124ef1b18d9ace298060f4eccc64b0850899ac4ac53294547536533800c8"},
    {file = "PyYAML-5.4.1-cp27-cp27mu-manylinux1_x86_64.whl", hash = "sha256:bb4191dfc9306777bc594117aee052446b3fa88737cd13b7188d0e7aa8162185"},
    {file = "PyYAML-5.4.1-cp36-cp36m-macosx_10_9_x86_64.whl", hash = "sha256:6c78645d400265a062508ae399b60b8c167bf003db364ecb26dcab2bda048253"},
    {file = "PyYAML-5.4.1-cp36-cp36m-manylinux1_x86_64.whl", hash = "sha256:4e0583d24c881e14342eaf4ec5fbc97f934b999a6828693a99157fde912540cc"},
    {file = "PyYAML-5.4.1-cp36-cp36m-manylinux2014_aarch64.whl", hash = "sha256:72a01f726a9c7851ca9bfad6fd09ca4e090a023c00945ea05ba1638c09dc3347"},
    {file = "PyYAML-5.4.1-cp36-cp36m-manylinux2014_s390x.whl", hash = "sha256:895f61ef02e8fed38159bb70f7e100e00f471eae2bc838cd0f4ebb21e28f8541"},
    {file = "PyYAML-5.4.1-cp36-cp36m-win32.whl", hash = "sha256:3bd0e463264cf257d1ffd2e40223b197271046d09dadf73a0fe82b9c1fc385a5"},
    {file = "PyYAML-5.4.1-cp36-cp36m-win_amd64.whl", hash = "sha256:e4fac90784481d221a8e4b1162afa7c47ed953be40d31ab4629ae917510051df"},
    {file = "PyYAML-5.4.1-cp37-cp37m-macosx_10_9_x86_64.whl", hash = "sha256:5accb17103e43963b80e6f837831f38d314a0495500067cb25afab2e8d7a4018"},
    {file = "PyYAML-5.4.1-cp37-cp37m-manylinux1_x86_64.whl", hash = "sha256:e1d4970ea66be07ae37a3c2e48b5ec63f7ba6804bdddfdbd3cfd954d25a82e63"},
    {file = "PyYAML-5.4.1-cp37-cp37m-manylinux2014_aarch64.whl", hash = "sha256:cb333c16912324fd5f769fff6bc5de372e9e7a202247b48870bc251ed40239aa"},
    {file = "PyYAML-5.4.1-cp37-cp37m-manylinux2014_s390x.whl", hash = "sha256:fe69978f3f768926cfa37b867e3843918e012cf83f680806599ddce33c2c68b0"},
    {file = "PyYAML-5.4.1-cp37-cp37m-win32.whl", hash = "sha256:dd5de0646207f053eb0d6c74ae45ba98c3395a571a2891858e87df7c9b9bd51b"},
    {file = "PyYAML-5.4.1-cp37-cp37m-win_amd64.whl", hash = "sha256:08682f6b72c722394747bddaf0aa62277e02557c0fd1c42cb853016a38f8dedf"},
    {file = "PyYAML-5.4.1-cp38-cp38-macosx_10_9_x86_64.whl", hash = "sha256:d2d9808ea7b4af864f35ea216be506ecec180628aced0704e34aca0b040ffe46"},
    {file = "PyYAML-5.4.1-cp38-cp38-manylinux1_x86_64.whl", hash = "sha256:8c1be557ee92a20f184922c7b6424e8ab6691788e6d86137c5d93c1a6ec1b8fb"},
    {file = "PyYAML-5.4.1-cp38-cp38-manylinux2014_aarch64.whl", hash = "sha256:fd7f6999a8070df521b6384004ef42833b9bd62cfee11a09bda1079b4b704247"},
    {file = "PyYAML-5.4.1-cp38-cp38-manylinux2014_s390x.whl", hash = "sha256:bfb51918d4ff3d77c1c856a9699f8492c612cde32fd3bcd344af9be34999bfdc"},
    {file = "PyYAML-5.4.1-cp38-cp38-win32.whl", hash = "sha256:fa5ae20527d8e831e8230cbffd9f8fe952815b2b7dae6ffec25318803a7528fc"},
    {file = "PyYAML-5.4.1-cp38-cp38-win_amd64.whl", hash = "sha256:0f5f5786c0e09baddcd8b4b45f20a7b5d61a7e7e99846e3c799b05c7c53fa696"},
    {file = "PyYAML-5.4.1-cp39-cp39-macosx_10_9_x86_64.whl", hash = "sha256:294db365efa064d00b8d1ef65d8ea2c3426ac366c0c4368d930bf1c5fb497f77"},
    {file = "PyYAML-5.4.1-cp39-cp39-manylinux1_x86_64.whl", hash = "sha256:74c1485f7707cf707a7aef42ef6322b8f97921bd89be2ab6317fd782c2d53183"},
    {file = "PyYAML-5.4.1-cp39-cp39-manylinux2014_aarch64.whl", hash = "sha256:d483ad4e639292c90170eb6f7783ad19490e7a8defb3e46f97dfe4bacae89122"},
    {file = "PyYAML-5.4.1-cp39-cp39-manylinux2014_s390x.whl", hash = "sha256:fdc842473cd33f45ff6bce46aea678a54e3d21f1b61a7750ce3c498eedfe25d6"},
    {file = "PyYAML-5.4.1-cp39-cp39-win32.whl", hash = "sha256:49d4cdd9065b9b6e206d0595fee27a96b5dd22618e7520c33204a4a3239d5b10"},
    {file = "PyYAML-5.4.1-cp39-cp39-win_amd64.whl", hash = "sha256:c20cfa2d49991c8b4147af39859b167664f2ad4561704ee74c1de03318e898db"},
    {file = "PyYAML-5.4.1.tar.gz", hash = "sha256:607774cbba28732bfa802b54baa7484215f530991055bb562efbed5b2f20a45e"},
]
pyyaml-env-tag = [
    {file = "pyyaml_env_tag-0.1-py3-none-any.whl", hash = "sha256:af31106dec8a4d68c60207c1886031cbf839b68aa7abccdb19868200532c2069"},
    {file = "pyyaml_env_tag-0.1.tar.gz", hash = "sha256:70092675bda14fdec33b31ba77e7543de9ddc88f2e5b99160396572d11525bdb"},
]
six = [
    {file = "six-1.16.0-py2.py3-none-any.whl", hash = "sha256:8abb2f1d86890a2dfb989f9a77cfcfd3e47c2a354b01111771326f8aa26e0254"},
    {file = "six-1.16.0.tar.gz", hash = "sha256:1e61c37477a1626458e36f7b1d82aa5c9b094fa4802892072e49de9c60c4c926"},
]
typing-extensions = [
    {file = "typing_extensions-3.10.0.0-py2-none-any.whl", hash = "sha256:0ac0f89795dd19de6b97debb0c6af1c70987fd80a2d62d1958f7e56fcc31b497"},
    {file = "typing_extensions-3.10.0.0-py3-none-any.whl", hash = "sha256:779383f6086d90c99ae41cf0ff39aac8a7937a9283ce0a414e5dd782f4c94a84"},
    {file = "typing_extensions-3.10.0.0.tar.gz", hash = "sha256:50b6f157849174217d0656f99dc82fe932884fb250826c18350e159ec6cdf342"},
]
watchdog = [
    {file = "watchdog-2.1.6-cp310-cp310-macosx_10_9_universal2.whl", hash = "sha256:9693f35162dc6208d10b10ddf0458cc09ad70c30ba689d9206e02cd836ce28a3"},
    {file = "watchdog-2.1.6-cp310-cp310-macosx_10_9_x86_64.whl", hash = "sha256:aba5c812f8ee8a3ff3be51887ca2d55fb8e268439ed44110d3846e4229eb0e8b"},
    {file = "watchdog-2.1.6-cp310-cp310-macosx_11_0_arm64.whl", hash = "sha256:4ae38bf8ba6f39d5b83f78661273216e7db5b00f08be7592062cb1fc8b8ba542"},
    {file = "watchdog-2.1.6-cp36-cp36m-macosx_10_9_x86_64.whl", hash = "sha256:ad6f1796e37db2223d2a3f302f586f74c72c630b48a9872c1e7ae8e92e0ab669"},
    {file = "watchdog-2.1.6-cp37-cp37m-macosx_10_9_x86_64.whl", hash = "sha256:922a69fa533cb0c793b483becaaa0845f655151e7256ec73630a1b2e9ebcb660"},
    {file = "watchdog-2.1.6-cp38-cp38-macosx_10_9_universal2.whl", hash = "sha256:b2fcf9402fde2672545b139694284dc3b665fd1be660d73eca6805197ef776a3"},
    {file = "watchdog-2.1.6-cp38-cp38-macosx_10_9_x86_64.whl", hash = "sha256:3386b367e950a11b0568062b70cc026c6f645428a698d33d39e013aaeda4cc04"},
    {file = "watchdog-2.1.6-cp38-cp38-macosx_11_0_arm64.whl", hash = "sha256:8f1c00aa35f504197561060ca4c21d3cc079ba29cf6dd2fe61024c70160c990b"},
    {file = "watchdog-2.1.6-cp39-cp39-macosx_10_9_universal2.whl", hash = "sha256:b52b88021b9541a60531142b0a451baca08d28b74a723d0c99b13c8c8d48d604"},
    {file = "watchdog-2.1.6-cp39-cp39-macosx_10_9_x86_64.whl", hash = "sha256:8047da932432aa32c515ec1447ea79ce578d0559362ca3605f8e9568f844e3c6"},
    {file = "watchdog-2.1.6-cp39-cp39-macosx_11_0_arm64.whl", hash = "sha256:e92c2d33858c8f560671b448205a268096e17870dcf60a9bb3ac7bfbafb7f5f9"},
    {file = "watchdog-2.1.6-pp37-pypy37_pp73-macosx_10_9_x86_64.whl", hash = "sha256:b7d336912853d7b77f9b2c24eeed6a5065d0a0cc0d3b6a5a45ad6d1d05fb8cd8"},
    {file = "watchdog-2.1.6-py3-none-manylinux2014_aarch64.whl", hash = "sha256:cca7741c0fcc765568350cb139e92b7f9f3c9a08c4f32591d18ab0a6ac9e71b6"},
    {file = "watchdog-2.1.6-py3-none-manylinux2014_armv7l.whl", hash = "sha256:25fb5240b195d17de949588628fdf93032ebf163524ef08933db0ea1f99bd685"},
    {file = "watchdog-2.1.6-py3-none-manylinux2014_i686.whl", hash = "sha256:be9be735f827820a06340dff2ddea1fb7234561fa5e6300a62fe7f54d40546a0"},
    {file = "watchdog-2.1.6-py3-none-manylinux2014_ppc64.whl", hash = "sha256:d0d19fb2441947b58fbf91336638c2b9f4cc98e05e1045404d7a4cb7cddc7a65"},
    {file = "watchdog-2.1.6-py3-none-manylinux2014_ppc64le.whl", hash = "sha256:3becdb380d8916c873ad512f1701f8a92ce79ec6978ffde92919fd18d41da7fb"},
    {file = "watchdog-2.1.6-py3-none-manylinux2014_s390x.whl", hash = "sha256:ae67501c95606072aafa865b6ed47343ac6484472a2f95490ba151f6347acfc2"},
    {file = "watchdog-2.1.6-py3-none-manylinux2014_x86_64.whl", hash = "sha256:e0f30db709c939cabf64a6dc5babb276e6d823fd84464ab916f9b9ba5623ca15"},
    {file = "watchdog-2.1.6-py3-none-win32.whl", hash = "sha256:e02794ac791662a5eafc6ffeaf9bcc149035a0e48eb0a9d40a8feb4622605a3d"},
    {file = "watchdog-2.1.6-py3-none-win_amd64.whl", hash = "sha256:bd9ba4f332cf57b2c1f698be0728c020399ef3040577cde2939f2e045b39c1e5"},
    {file = "watchdog-2.1.6-py3-none-win_ia64.whl", hash = "sha256:a0f1c7edf116a12f7245be06120b1852275f9506a7d90227648b250755a03923"},
    {file = "watchdog-2.1.6.tar.gz", hash = "sha256:a36e75df6c767cbf46f61a91c70b3ba71811dfa0aca4a324d9407a06a8b7a2e7"},
]
zipp = [
    {file = "zipp-3.4.1-py3-none-any.whl", hash = "sha256:51cb66cc54621609dd593d1787f286ee42a5c0adbb4b29abea5a63edc3e03098"},
    {file = "zipp-3.4.1.tar.gz", hash = "sha256:3607921face881ba3e026887d8150cca609d517579abe052ac81fc5aeffdbd76"},
]
